{
  "nodes": {
    "nixpkgs": {
      "locked": {
        "lastModified": 1751373438,
        "narHash": "sha256-LEkcTkPFfUJCqmXuQ+0oB127/OuN8mbZ0vaVo64NYRk=",
        "owner": "NixOS",
        "repo": "nixpkgs",
        "rev": "2c9abb11f4780e7954cd76c7d85441003da21fc8",
        "type": "github"
      },
      "original": {
        "owner": "NixOS",
        "ref": "nixpkgs-25.05-darwin",
        "repo": "nixpkgs",
        "type": "github"
      }
    },
    "root": {
      "inputs": {
        "nixpkgs": "nixpkgs"
      }
    }
  },
  "root": "root",
  "version": 7
}
